// !$*UTF8*$!
{
	archiveVersion = 1;
	classes = {
	};
	objectVersion = 55;
	objects = {

/* Begin PBXBuildFile section */
		4A9639A964CB884D91B5D002 /* Pods_Instagram_InstagramUITests.framework in Frameworks */ = {isa = PBXBuildFile; fileRef = 021954AA64023439FDB9A998 /* Pods_Instagram_InstagramUITests.framework */; };
		660026AD33FC8FA0534AA3B6 /* Pods_Instagram.framework in Frameworks */ = {isa = PBXBuildFile; fileRef = 93520E6512C76BC54D91DDF0 /* Pods_Instagram.framework */; };
		8EB4B1BC28FE1CCD00F6595C /* CommentCell.swift in Sources */ = {isa = PBXBuildFile; fileRef = 8EB4B1BB28FE1CCD00F6595C /* CommentCell.swift */; };
		8EE32A9028F8B470003DCDDE /* AppDelegate.swift in Sources */ = {isa = PBXBuildFile; fileRef = 8EE32A8F28F8B470003DCDDE /* AppDelegate.swift */; };
		8EE32A9228F8B470003DCDDE /* SceneDelegate.swift in Sources */ = {isa = PBXBuildFile; fileRef = 8EE32A9128F8B470003DCDDE /* SceneDelegate.swift */; };
		8EE32A9728F8B470003DCDDE /* Main.storyboard in Resources */ = {isa = PBXBuildFile; fileRef = 8EE32A9528F8B470003DCDDE /* Main.storyboard */; };
		8EE32A9928F8B476003DCDDE /* Assets.xcassets in Resources */ = {isa = PBXBuildFile; fileRef = 8EE32A9828F8B476003DCDDE /* Assets.xcassets */; };
		8EE32A9C28F8B476003DCDDE /* LaunchScreen.storyboard in Resources */ = {isa = PBXBuildFile; fileRef = 8EE32A9A28F8B476003DCDDE /* LaunchScreen.storyboard */; };
		8EE32AA728F8B476003DCDDE /* InstagramTests.swift in Sources */ = {isa = PBXBuildFile; fileRef = 8EE32AA628F8B476003DCDDE /* InstagramTests.swift */; };
		8EE32AB128F8B476003DCDDE /* InstagramUITests.swift in Sources */ = {isa = PBXBuildFile; fileRef = 8EE32AB028F8B476003DCDDE /* InstagramUITests.swift */; };
		8EE32AB328F8B476003DCDDE /* InstagramUITestsLaunchTests.swift in Sources */ = {isa = PBXBuildFile; fileRef = 8EE32AB228F8B476003DCDDE /* InstagramUITestsLaunchTests.swift */; };
		8EE32AC028F8B84A003DCDDE /* LoginViewController.swift in Sources */ = {isa = PBXBuildFile; fileRef = 8EE32ABF28F8B84A003DCDDE /* LoginViewController.swift */; };
		8EE32AC228F8B85D003DCDDE /* FeedViewController.swift in Sources */ = {isa = PBXBuildFile; fileRef = 8EE32AC128F8B85D003DCDDE /* FeedViewController.swift */; };
		8EE32AC628F90F4C003DCDDE /* CameraViewController.swift in Sources */ = {isa = PBXBuildFile; fileRef = 8EE32AC528F90F4C003DCDDE /* CameraViewController.swift */; };
		8EE32AC828F93A40003DCDDE /* PostCell.swift in Sources */ = {isa = PBXBuildFile; fileRef = 8EE32AC728F93A40003DCDDE /* PostCell.swift */; };
		A2384BFC0E03AF64725B7123 /* Pods_InstagramTests.framework in Frameworks */ = {isa = PBXBuildFile; fileRef = 12068AD7E6F7624AA423A447 /* Pods_InstagramTests.framework */; };
/* End PBXBuildFile section */

/* Begin PBXContainerItemProxy section */
		8EE32AA328F8B476003DCDDE /* PBXContainerItemProxy */ = {
			isa = PBXContainerItemProxy;
			containerPortal = 8EE32A8428F8B470003DCDDE /* Project object */;
			proxyType = 1;
			remoteGlobalIDString = 8EE32A8B28F8B470003DCDDE;
			remoteInfo = Instagram;
		};
		8EE32AAD28F8B476003DCDDE /* PBXContainerItemProxy */ = {
			isa = PBXContainerItemProxy;
			containerPortal = 8EE32A8428F8B470003DCDDE /* Project object */;
			proxyType = 1;
			remoteGlobalIDString = 8EE32A8B28F8B470003DCDDE;
			remoteInfo = Instagram;
		};
/* End PBXContainerItemProxy section */

/* Begin PBXFileReference section */
		021954AA64023439FDB9A998 /* Pods_Instagram_InstagramUITests.framework */ = {isa = PBXFileReference; explicitFileType = wrapper.framework; includeInIndex = 0; path = Pods_Instagram_InstagramUITests.framework; sourceTree = BUILT_PRODUCTS_DIR; };
		12068AD7E6F7624AA423A447 /* Pods_InstagramTests.framework */ = {isa = PBXFileReference; explicitFileType = wrapper.framework; includeInIndex = 0; path = Pods_InstagramTests.framework; sourceTree = BUILT_PRODUCTS_DIR; };
		79E3F5D93C3A89C9D76DDE77 /* Pods-InstagramTests.release.xcconfig */ = {isa = PBXFileReference; includeInIndex = 1; lastKnownFileType = text.xcconfig; name = "Pods-InstagramTests.release.xcconfig"; path = "Target Support Files/Pods-InstagramTests/Pods-InstagramTests.release.xcconfig"; sourceTree = "<group>"; };
		7A7A8419A836FD5781E0A63B /* Pods-Instagram-InstagramUITests.release.xcconfig */ = {isa = PBXFileReference; includeInIndex = 1; lastKnownFileType = text.xcconfig; name = "Pods-Instagram-InstagramUITests.release.xcconfig"; path = "Target Support Files/Pods-Instagram-InstagramUITests/Pods-Instagram-InstagramUITests.release.xcconfig"; sourceTree = "<group>"; };
		81E6EB5375E34BE214B73811 /* Pods-Instagram.debug.xcconfig */ = {isa = PBXFileReference; includeInIndex = 1; lastKnownFileType = text.xcconfig; name = "Pods-Instagram.debug.xcconfig"; path = "Target Support Files/Pods-Instagram/Pods-Instagram.debug.xcconfig"; sourceTree = "<group>"; };
		8EB4B1BB28FE1CCD00F6595C /* CommentCell.swift */ = {isa = PBXFileReference; lastKnownFileType = sourcecode.swift; path = CommentCell.swift; sourceTree = "<group>"; };
		8EE32A8C28F8B470003DCDDE /* Instagram.app */ = {isa = PBXFileReference; explicitFileType = wrapper.application; includeInIndex = 0; path = Instagram.app; sourceTree = BUILT_PRODUCTS_DIR; };
		8EE32A8F28F8B470003DCDDE /* AppDelegate.swift */ = {isa = PBXFileReference; lastKnownFileType = sourcecode.swift; path = AppDelegate.swift; sourceTree = "<group>"; };
		8EE32A9128F8B470003DCDDE /* SceneDelegate.swift */ = {isa = PBXFileReference; lastKnownFileType = sourcecode.swift; path = SceneDelegate.swift; sourceTree = "<group>"; };
		8EE32A9628F8B470003DCDDE /* Base */ = {isa = PBXFileReference; lastKnownFileType = file.storyboard; name = Base; path = Base.lproj/Main.storyboard; sourceTree = "<group>"; };
		8EE32A9828F8B476003DCDDE /* Assets.xcassets */ = {isa = PBXFileReference; lastKnownFileType = folder.assetcatalog; path = Assets.xcassets; sourceTree = "<group>"; };
		8EE32A9B28F8B476003DCDDE /* Base */ = {isa = PBXFileReference; lastKnownFileType = file.storyboard; name = Base; path = Base.lproj/LaunchScreen.storyboard; sourceTree = "<group>"; };
		8EE32A9D28F8B476003DCDDE /* Info.plist */ = {isa = PBXFileReference; lastKnownFileType = text.plist.xml; path = Info.plist; sourceTree = "<group>"; };
		8EE32AA228F8B476003DCDDE /* InstagramTests.xctest */ = {isa = PBXFileReference; explicitFileType = wrapper.cfbundle; includeInIndex = 0; path = InstagramTests.xctest; sourceTree = BUILT_PRODUCTS_DIR; };
		8EE32AA628F8B476003DCDDE /* InstagramTests.swift */ = {isa = PBXFileReference; lastKnownFileType = sourcecode.swift; path = InstagramTests.swift; sourceTree = "<group>"; };
		8EE32AAC28F8B476003DCDDE /* InstagramUITests.xctest */ = {isa = PBXFileReference; explicitFileType = wrapper.cfbundle; includeInIndex = 0; path = InstagramUITests.xctest; sourceTree = BUILT_PRODUCTS_DIR; };
		8EE32AB028F8B476003DCDDE /* InstagramUITests.swift */ = {isa = PBXFileReference; lastKnownFileType = sourcecode.swift; path = InstagramUITests.swift; sourceTree = "<group>"; };
		8EE32AB228F8B476003DCDDE /* InstagramUITestsLaunchTests.swift */ = {isa = PBXFileReference; lastKnownFileType = sourcecode.swift; path = InstagramUITestsLaunchTests.swift; sourceTree = "<group>"; };
		8EE32ABF28F8B84A003DCDDE /* LoginViewController.swift */ = {isa = PBXFileReference; lastKnownFileType = sourcecode.swift; path = LoginViewController.swift; sourceTree = "<group>"; };
		8EE32AC128F8B85D003DCDDE /* FeedViewController.swift */ = {isa = PBXFileReference; lastKnownFileType = sourcecode.swift; path = FeedViewController.swift; sourceTree = "<group>"; };
		8EE32AC528F90F4C003DCDDE /* CameraViewController.swift */ = {isa = PBXFileReference; lastKnownFileType = sourcecode.swift; path = CameraViewController.swift; sourceTree = "<group>"; };
		8EE32AC728F93A40003DCDDE /* PostCell.swift */ = {isa = PBXFileReference; lastKnownFileType = sourcecode.swift; path = PostCell.swift; sourceTree = "<group>"; };
		93520E6512C76BC54D91DDF0 /* Pods_Instagram.framework */ = {isa = PBXFileReference; explicitFileType = wrapper.framework; includeInIndex = 0; path = Pods_Instagram.framework; sourceTree = BUILT_PRODUCTS_DIR; };
		979D59DB3929D3E8A893892E /* Pods-InstagramTests.debug.xcconfig */ = {isa = PBXFileReference; includeInIndex = 1; lastKnownFileType = text.xcconfig; name = "Pods-InstagramTests.debug.xcconfig"; path = "Target Support Files/Pods-InstagramTests/Pods-InstagramTests.debug.xcconfig"; sourceTree = "<group>"; };
		9BCA45F1BE75D13AFF2F80B9 /* Pods-Instagram.release.xcconfig */ = {isa = PBXFileReference; includeInIndex = 1; lastKnownFileType = text.xcconfig; name = "Pods-Instagram.release.xcconfig"; path = "Target Support Files/Pods-Instagram/Pods-Instagram.release.xcconfig"; sourceTree = "<group>"; };
		DC494C5DFC08B56510B591A7 /* Pods-Instagram-InstagramUITests.debug.xcconfig */ = {isa = PBXFileReference; includeInIndex = 1; lastKnownFileType = text.xcconfig; name = "Pods-Instagram-InstagramUITests.debug.xcconfig"; path = "Target Support Files/Pods-Instagram-InstagramUITests/Pods-Instagram-InstagramUITests.debug.xcconfig"; sourceTree = "<group>"; };
/* End PBXFileReference section */

/* Begin PBXFrameworksBuildPhase section */
		8EE32A8928F8B470003DCDDE /* Frameworks */ = {
			isa = PBXFrameworksBuildPhase;
			buildActionMask = 2147483647;
			files = (
				660026AD33FC8FA0534AA3B6 /* Pods_Instagram.framework in Frameworks */,
			);
			runOnlyForDeploymentPostprocessing = 0;
		};
		8EE32A9F28F8B476003DCDDE /* Frameworks */ = {
			isa = PBXFrameworksBuildPhase;
			buildActionMask = 2147483647;
			files = (
				A2384BFC0E03AF64725B7123 /* Pods_InstagramTests.framework in Frameworks */,
			);
			runOnlyForDeploymentPostprocessing = 0;
		};
		8EE32AA928F8B476003DCDDE /* Frameworks */ = {
			isa = PBXFrameworksBuildPhase;
			buildActionMask = 2147483647;
			files = (
				4A9639A964CB884D91B5D002 /* Pods_Instagram_InstagramUITests.framework in Frameworks */,
			);
			runOnlyForDeploymentPostprocessing = 0;
		};
/* End PBXFrameworksBuildPhase section */

/* Begin PBXGroup section */
		806BDDB2AEA55084277A9CB6 /* Frameworks */ = {
			isa = PBXGroup;
			children = (
				93520E6512C76BC54D91DDF0 /* Pods_Instagram.framework */,
				021954AA64023439FDB9A998 /* Pods_Instagram_InstagramUITests.framework */,
				12068AD7E6F7624AA423A447 /* Pods_InstagramTests.framework */,
			);
			name = Frameworks;
			sourceTree = "<group>";
		};
		8EE32A8328F8B470003DCDDE = {
			isa = PBXGroup;
			children = (
				8EE32A8E28F8B470003DCDDE /* Instagram */,
				8EE32AA528F8B476003DCDDE /* InstagramTests */,
				8EE32AAF28F8B476003DCDDE /* InstagramUITests */,
				8EE32A8D28F8B470003DCDDE /* Products */,
				FE9F39206FF0657B983CF1F8 /* Pods */,
				806BDDB2AEA55084277A9CB6 /* Frameworks */,
			);
			sourceTree = "<group>";
		};
		8EE32A8D28F8B470003DCDDE /* Products */ = {
			isa = PBXGroup;
			children = (
				8EE32A8C28F8B470003DCDDE /* Instagram.app */,
				8EE32AA228F8B476003DCDDE /* InstagramTests.xctest */,
				8EE32AAC28F8B476003DCDDE /* InstagramUITests.xctest */,
			);
			name = Products;
			sourceTree = "<group>";
		};
		8EE32A8E28F8B470003DCDDE /* Instagram */ = {
			isa = PBXGroup;
			children = (
				8EE32A8F28F8B470003DCDDE /* AppDelegate.swift */,
				8EE32A9128F8B470003DCDDE /* SceneDelegate.swift */,
				8EE32A9528F8B470003DCDDE /* Main.storyboard */,
				8EE32A9828F8B476003DCDDE /* Assets.xcassets */,
				8EE32A9A28F8B476003DCDDE /* LaunchScreen.storyboard */,
				8EE32A9D28F8B476003DCDDE /* Info.plist */,
				8EE32ABF28F8B84A003DCDDE /* LoginViewController.swift */,
				8EE32AC128F8B85D003DCDDE /* FeedViewController.swift */,
				8EE32AC528F90F4C003DCDDE /* CameraViewController.swift */,
				8EE32AC728F93A40003DCDDE /* PostCell.swift */,
				8EB4B1BB28FE1CCD00F6595C /* CommentCell.swift */,
			);
			path = Instagram;
			sourceTree = "<group>";
		};
		8EE32AA528F8B476003DCDDE /* InstagramTests */ = {
			isa = PBXGroup;
			children = (
				8EE32AA628F8B476003DCDDE /* InstagramTests.swift */,
			);
			path = InstagramTests;
			sourceTree = "<group>";
		};
		8EE32AAF28F8B476003DCDDE /* InstagramUITests */ = {
			isa = PBXGroup;
			children = (
				8EE32AB028F8B476003DCDDE /* InstagramUITests.swift */,
				8EE32AB228F8B476003DCDDE /* InstagramUITestsLaunchTests.swift */,
			);
			path = InstagramUITests;
			sourceTree = "<group>";
		};
		FE9F39206FF0657B983CF1F8 /* Pods */ = {
			isa = PBXGroup;
			children = (
				81E6EB5375E34BE214B73811 /* Pods-Instagram.debug.xcconfig */,
				9BCA45F1BE75D13AFF2F80B9 /* Pods-Instagram.release.xcconfig */,
				DC494C5DFC08B56510B591A7 /* Pods-Instagram-InstagramUITests.debug.xcconfig */,
				7A7A8419A836FD5781E0A63B /* Pods-Instagram-InstagramUITests.release.xcconfig */,
				979D59DB3929D3E8A893892E /* Pods-InstagramTests.debug.xcconfig */,
				79E3F5D93C3A89C9D76DDE77 /* Pods-InstagramTests.release.xcconfig */,
			);
			path = Pods;
			sourceTree = "<group>";
		};
/* End PBXGroup section */

/* Begin PBXNativeTarget section */
		8EE32A8B28F8B470003DCDDE /* Instagram */ = {
			isa = PBXNativeTarget;
			buildConfigurationList = 8EE32AB628F8B476003DCDDE /* Build configuration list for PBXNativeTarget "Instagram" */;
			buildPhases = (
				9063E0704D6730A9F131BFB5 /* [CP] Check Pods Manifest.lock */,
				8EE32A8828F8B470003DCDDE /* Sources */,
				8EE32A8928F8B470003DCDDE /* Frameworks */,
				8EE32A8A28F8B470003DCDDE /* Resources */,
				0FB998F085282F6BA5AC60D2 /* [CP] Embed Pods Frameworks */,
			);
			buildRules = (
			);
			dependencies = (
			);
			name = Instagram;
			productName = Instagram;
			productReference = 8EE32A8C28F8B470003DCDDE /* Instagram.app */;
			productType = "com.apple.product-type.application";
		};
		8EE32AA128F8B476003DCDDE /* InstagramTests */ = {
			isa = PBXNativeTarget;
			buildConfigurationList = 8EE32AB928F8B476003DCDDE /* Build configuration list for PBXNativeTarget "InstagramTests" */;
			buildPhases = (
				FDB2AE620B901E72940600DE /* [CP] Check Pods Manifest.lock */,
				8EE32A9E28F8B476003DCDDE /* Sources */,
				8EE32A9F28F8B476003DCDDE /* Frameworks */,
				8EE32AA028F8B476003DCDDE /* Resources */,
			);
			buildRules = (
			);
			dependencies = (
				8EE32AA428F8B476003DCDDE /* PBXTargetDependency */,
			);
			name = InstagramTests;
			productName = InstagramTests;
			productReference = 8EE32AA228F8B476003DCDDE /* InstagramTests.xctest */;
			productType = "com.apple.product-type.bundle.unit-test";
		};
		8EE32AAB28F8B476003DCDDE /* InstagramUITests */ = {
			isa = PBXNativeTarget;
			buildConfigurationList = 8EE32ABC28F8B476003DCDDE /* Build configuration list for PBXNativeTarget "InstagramUITests" */;
			buildPhases = (
				CEB563045354548E85122D5F /* [CP] Check Pods Manifest.lock */,
				8EE32AA828F8B476003DCDDE /* Sources */,
				8EE32AA928F8B476003DCDDE /* Frameworks */,
				8EE32AAA28F8B476003DCDDE /* Resources */,
				C872A05C2CD721B5F195E59B /* [CP] Embed Pods Frameworks */,
			);
			buildRules = (
			);
			dependencies = (
				8EE32AAE28F8B476003DCDDE /* PBXTargetDependency */,
			);
			name = InstagramUITests;
			productName = InstagramUITests;
			productReference = 8EE32AAC28F8B476003DCDDE /* InstagramUITests.xctest */;
			productType = "com.apple.product-type.bundle.ui-testing";
		};
/* End PBXNativeTarget section */

/* Begin PBXProject section */
		8EE32A8428F8B470003DCDDE /* Project object */ = {
			isa = PBXProject;
			attributes = {
				BuildIndependentTargetsInParallel = 1;
				LastSwiftUpdateCheck = 1340;
				LastUpgradeCheck = 1340;
				TargetAttributes = {
					8EE32A8B28F8B470003DCDDE = {
						CreatedOnToolsVersion = 13.4.1;
					};
					8EE32AA128F8B476003DCDDE = {
						CreatedOnToolsVersion = 13.4.1;
						TestTargetID = 8EE32A8B28F8B470003DCDDE;
					};
					8EE32AAB28F8B476003DCDDE = {
						CreatedOnToolsVersion = 13.4.1;
						TestTargetID = 8EE32A8B28F8B470003DCDDE;
					};
				};
			};
			buildConfigurationList = 8EE32A8728F8B470003DCDDE /* Build configuration list for PBXProject "Instagram" */;
			compatibilityVersion = "Xcode 13.0";
			developmentRegion = en;
			hasScannedForEncodings = 0;
			knownRegions = (
				en,
				Base,
			);
			mainGroup = 8EE32A8328F8B470003DCDDE;
			productRefGroup = 8EE32A8D28F8B470003DCDDE /* Products */;
			projectDirPath = "";
			projectRoot = "";
			targets = (
				8EE32A8B28F8B470003DCDDE /* Instagram */,
				8EE32AA128F8B476003DCDDE /* InstagramTests */,
				8EE32AAB28F8B476003DCDDE /* InstagramUITests */,
			);
		};
/* End PBXProject section */

/* Begin PBXResourcesBuildPhase section */
		8EE32A8A28F8B470003DCDDE /* Resources */ = {
			isa = PBXResourcesBuildPhase;
			buildActionMask = 2147483647;
			files = (
				8EE32A9C28F8B476003DCDDE /* LaunchScreen.storyboard in Resources */,
				8EE32A9928F8B476003DCDDE /* Assets.xcassets in Resources */,
				8EE32A9728F8B470003DCDDE /* Main.storyboard in Resources */,
			);
			runOnlyForDeploymentPostprocessing = 0;
		};
		8EE32AA028F8B476003DCDDE /* Resources */ = {
			isa = PBXResourcesBuildPhase;
			buildActionMask = 2147483647;
			files = (
			);
			runOnlyForDeploymentPostprocessing = 0;
		};
		8EE32AAA28F8B476003DCDDE /* Resources */ = {
			isa = PBXResourcesBuildPhase;
			buildActionMask = 2147483647;
			files = (
			);
			runOnlyForDeploymentPostprocessing = 0;
		};
/* End PBXResourcesBuildPhase section */

/* Begin PBXShellScriptBuildPhase section */
		0FB998F085282F6BA5AC60D2 /* [CP] Embed Pods Frameworks */ = {
			isa = PBXShellScriptBuildPhase;
			buildActionMask = 2147483647;
			files = (
			);
			inputFileListPaths = (
				"${PODS_ROOT}/Target Support Files/Pods-Instagram/Pods-Instagram-frameworks-${CONFIGURATION}-input-files.xcfilelist",
			);
			name = "[CP] Embed Pods Frameworks";
			outputFileListPaths = (
				"${PODS_ROOT}/Target Support Files/Pods-Instagram/Pods-Instagram-frameworks-${CONFIGURATION}-output-files.xcfilelist",
			);
			runOnlyForDeploymentPostprocessing = 0;
			shellPath = /bin/sh;
			shellScript = "\"${PODS_ROOT}/Target Support Files/Pods-Instagram/Pods-Instagram-frameworks.sh\"\n";
			showEnvVarsInLog = 0;
		};
		9063E0704D6730A9F131BFB5 /* [CP] Check Pods Manifest.lock */ = {
			isa = PBXShellScriptBuildPhase;
			buildActionMask = 2147483647;
			files = (
			);
			inputFileListPaths = (
			);
			inputPaths = (
				"${PODS_PODFILE_DIR_PATH}/Podfile.lock",
				"${PODS_ROOT}/Manifest.lock",
			);
			name = "[CP] Check Pods Manifest.lock";
			outputFileListPaths = (
			);
			outputPaths = (
				"$(DERIVED_FILE_DIR)/Pods-Instagram-checkManifestLockResult.txt",
			);
			runOnlyForDeploymentPostprocessing = 0;
			shellPath = /bin/sh;
			shellScript = "diff \"${PODS_PODFILE_DIR_PATH}/Podfile.lock\" \"${PODS_ROOT}/Manifest.lock\" > /dev/null\nif [ $? != 0 ] ; then\n    # print error to STDERR\n    echo \"error: The sandbox is not in sync with the Podfile.lock. Run 'pod install' or update your CocoaPods installation.\" >&2\n    exit 1\nfi\n# This output is used by Xcode 'outputs' to avoid re-running this script phase.\necho \"SUCCESS\" > \"${SCRIPT_OUTPUT_FILE_0}\"\n";
			showEnvVarsInLog = 0;
		};
		C872A05C2CD721B5F195E59B /* [CP] Embed Pods Frameworks */ = {
			isa = PBXShellScriptBuildPhase;
			buildActionMask = 2147483647;
			files = (
			);
			inputFileListPaths = (
				"${PODS_ROOT}/Target Support Files/Pods-Instagram-InstagramUITests/Pods-Instagram-InstagramUITests-frameworks-${CONFIGURATION}-input-files.xcfilelist",
			);
			name = "[CP] Embed Pods Frameworks";
			outputFileListPaths = (
				"${PODS_ROOT}/Target Support Files/Pods-Instagram-InstagramUITests/Pods-Instagram-InstagramUITests-frameworks-${CONFIGURATION}-output-files.xcfilelist",
			);
			runOnlyForDeploymentPostprocessing = 0;
			shellPath = /bin/sh;
			shellScript = "\"${PODS_ROOT}/Target Support Files/Pods-Instagram-InstagramUITests/Pods-Instagram-InstagramUITests-frameworks.sh\"\n";
			showEnvVarsInLog = 0;
		};
		CEB563045354548E85122D5F /* [CP] Check Pods Manifest.lock */ = {
			isa = PBXShellScriptBuildPhase;
			buildActionMask = 2147483647;
			files = (
			);
			inputFileListPaths = (
			);
			inputPaths = (
				"${PODS_PODFILE_DIR_PATH}/Podfile.lock",
				"${PODS_ROOT}/Manifest.lock",
			);
			name = "[CP] Check Pods Manifest.lock";
			outputFileListPaths = (
			);
			outputPaths = (
				"$(DERIVED_FILE_DIR)/Pods-Instagram-InstagramUITests-checkManifestLockResult.txt",
			);
			runOnlyForDeploymentPostprocessing = 0;
			shellPath = /bin/sh;
			shellScript = "diff \"${PODS_PODFILE_DIR_PATH}/Podfile.lock\" \"${PODS_ROOT}/Manifest.lock\" > /dev/null\nif [ $? != 0 ] ; then\n    # print error to STDERR\n    echo \"error: The sandbox is not in sync with the Podfile.lock. Run 'pod install' or update your CocoaPods installation.\" >&2\n    exit 1\nfi\n# This output is used by Xcode 'outputs' to avoid re-running this script phase.\necho \"SUCCESS\" > \"${SCRIPT_OUTPUT_FILE_0}\"\n";
			showEnvVarsInLog = 0;
		};
		FDB2AE620B901E72940600DE /* [CP] Check Pods Manifest.lock */ = {
			isa = PBXShellScriptBuildPhase;
			buildActionMask = 2147483647;
			files = (
			);
			inputFileListPaths = (
			);
			inputPaths = (
				"${PODS_PODFILE_DIR_PATH}/Podfile.lock",
				"${PODS_ROOT}/Manifest.lock",
			);
			name = "[CP] Check Pods Manifest.lock";
			outputFileListPaths = (
			);
			outputPaths = (
				"$(DERIVED_FILE_DIR)/Pods-InstagramTests-checkManifestLockResult.txt",
			);
			runOnlyForDeploymentPostprocessing = 0;
			shellPath = /bin/sh;
			shellScript = "diff \"${PODS_PODFILE_DIR_PATH}/Podfile.lock\" \"${PODS_ROOT}/Manifest.lock\" > /dev/null\nif [ $? != 0 ] ; then\n    # print error to STDERR\n    echo \"error: The sandbox is not in sync with the Podfile.lock. Run 'pod install' or update your CocoaPods installation.\" >&2\n    exit 1\nfi\n# This output is used by Xcode 'outputs' to avoid re-running this script phase.\necho \"SUCCESS\" > \"${SCRIPT_OUTPUT_FILE_0}\"\n";
			showEnvVarsInLog = 0;
		};
/* End PBXShellScriptBuildPhase section */

/* Begin PBXSourcesBuildPhase section */
		8EE32A8828F8B470003DCDDE /* Sources */ = {
			isa = PBXSourcesBuildPhase;
			buildActionMask = 2147483647;
			files = (
				8EE32AC028F8B84A003DCDDE /* LoginViewController.swift in Sources */,
				8EE32AC628F90F4C003DCDDE /* CameraViewController.swift in Sources */,
				8EE32A9028F8B470003DCDDE /* AppDelegate.swift in Sources */,
				8EE32AC228F8B85D003DCDDE /* FeedViewController.swift in Sources */,
				8EE32A9228F8B470003DCDDE /* SceneDelegate.swift in Sources */,
				8EE32AC828F93A40003DCDDE /* PostCell.swift in Sources */,
				8EB4B1BC28FE1CCD00F6595C /* CommentCell.swift in Sources */,
			);
			runOnlyForDeploymentPostprocessing = 0;
		};
		8EE32A9E28F8B476003DCDDE /* Sources */ = {
			isa = PBXSourcesBuildPhase;
			buildActionMask = 2147483647;
			files = (
				8EE32AA728F8B476003DCDDE /* InstagramTests.swift in Sources */,
			);
			runOnlyForDeploymentPostprocessing = 0;
		};
		8EE32AA828F8B476003DCDDE /* Sources */ = {
			isa = PBXSourcesBuildPhase;
			buildActionMask = 2147483647;
			files = (
				8EE32AB128F8B476003DCDDE /* InstagramUITests.swift in Sources */,
				8EE32AB328F8B476003DCDDE /* InstagramUITestsLaunchTests.swift in Sources */,
			);
			runOnlyForDeploymentPostprocessing = 0;
		};
/* End PBXSourcesBuildPhase section */

/* Begin PBXTargetDependency section */
		8EE32AA428F8B476003DCDDE /* PBXTargetDependency */ = {
			isa = PBXTargetDependency;
			target = 8EE32A8B28F8B470003DCDDE /* Instagram */;
			targetProxy = 8EE32AA328F8B476003DCDDE /* PBXContainerItemProxy */;
		};
		8EE32AAE28F8B476003DCDDE /* PBXTargetDependency */ = {
			isa = PBXTargetDependency;
			target = 8EE32A8B28F8B470003DCDDE /* Instagram */;
			targetProxy = 8EE32AAD28F8B476003DCDDE /* PBXContainerItemProxy */;
		};
/* End PBXTargetDependency section */

/* Begin PBXVariantGroup section */
		8EE32A9528F8B470003DCDDE /* Main.storyboard */ = {
			isa = PBXVariantGroup;
			children = (
				8EE32A9628F8B470003DCDDE /* Base */,
			);
			name = Main.storyboard;
			sourceTree = "<group>";
		};
		8EE32A9A28F8B476003DCDDE /* LaunchScreen.storyboard */ = {
			isa = PBXVariantGroup;
			children = (
				8EE32A9B28F8B476003DCDDE /* Base */,
			);
			name = LaunchScreen.storyboard;
			sourceTree = "<group>";
		};
/* End PBXVariantGroup section */

/* Begin XCBuildConfiguration section */
		8EE32AB428F8B476003DCDDE /* Debug */ = {
			isa = XCBuildConfiguration;
			buildSettings = {
				ALWAYS_SEARCH_USER_PATHS = NO;
				CLANG_ANALYZER_NONNULL = YES;
				CLANG_ANALYZER_NUMBER_OBJECT_CONVERSION = YES_AGGRESSIVE;
				CLANG_CXX_LANGUAGE_STANDARD = "gnu++17";
				CLANG_ENABLE_MODULES = YES;
				CLANG_ENABLE_OBJC_ARC = YES;
				CLANG_ENABLE_OBJC_WEAK = YES;
				CLANG_WARN_BLOCK_CAPTURE_AUTORELEASING = YES;
				CLANG_WARN_BOOL_CONVERSION = YES;
				CLANG_WARN_COMMA = YES;
				CLANG_WARN_CONSTANT_CONVERSION = YES;
				CLANG_WARN_DEPRECATED_OBJC_IMPLEMENTATIONS = YES;
				CLANG_WARN_DIRECT_OBJC_ISA_USAGE = YES_ERROR;
				CLANG_WARN_DOCUMENTATION_COMMENTS = YES;
				CLANG_WARN_EMPTY_BODY = YES;
				CLANG_WARN_ENUM_CONVERSION = YES;
				CLANG_WARN_INFINITE_RECURSION = YES;
				CLANG_WARN_INT_CONVERSION = YES;
				CLANG_WARN_NON_LITERAL_NULL_CONVERSION = YES;
				CLANG_WARN_OBJC_IMPLICIT_RETAIN_SELF = YES;
				CLANG_WARN_OBJC_LITERAL_CONVERSION = YES;
				CLANG_WARN_OBJC_ROOT_CLASS = YES_ERROR;
				CLANG_WARN_QUOTED_INCLUDE_IN_FRAMEWORK_HEADER = YES;
				CLANG_WARN_RANGE_LOOP_ANALYSIS = YES;
				CLANG_WARN_STRICT_PROTOTYPES = YES;
				CLANG_WARN_SUSPICIOUS_MOVE = YES;
				CLANG_WARN_UNGUARDED_AVAILABILITY = YES_AGGRESSIVE;
				CLANG_WARN_UNREACHABLE_CODE = YES;
				CLANG_WARN__DUPLICATE_METHOD_MATCH = YES;
				COPY_PHASE_STRIP = NO;
				DEBUG_INFORMATION_FORMAT = dwarf;
				ENABLE_STRICT_OBJC_MSGSEND = YES;
				ENABLE_TESTABILITY = YES;
				GCC_C_LANGUAGE_STANDARD = gnu11;
				GCC_DYNAMIC_NO_PIC = NO;
				GCC_NO_COMMON_BLOCKS = YES;
				GCC_OPTIMIZATION_LEVEL = 0;
				GCC_PREPROCESSOR_DEFINITIONS = (
					"DEBUG=1",
					"$(inherited)",
				);
				GCC_WARN_64_TO_32_BIT_CONVERSION = YES;
				GCC_WARN_ABOUT_RETURN_TYPE = YES_ERROR;
				GCC_WARN_UNDECLARED_SELECTOR = YES;
				GCC_WARN_UNINITIALIZED_AUTOS = YES_AGGRESSIVE;
				GCC_WARN_UNUSED_FUNCTION = YES;
				GCC_WARN_UNUSED_VARIABLE = YES;
				IPHONEOS_DEPLOYMENT_TARGET = 15.5;
				MTL_ENABLE_DEBUG_INFO = INCLUDE_SOURCE;
				MTL_FAST_MATH = YES;
				ONLY_ACTIVE_ARCH = YES;
				SDKROOT = iphoneos;
				SWIFT_ACTIVE_COMPILATION_CONDITIONS = DEBUG;
				SWIFT_OPTIMIZATION_LEVEL = "-Onone";
			};
			name = Debug;
		};
		8EE32AB528F8B476003DCDDE /* Release */ = {
			isa = XCBuildConfiguration;
			buildSettings = {
				ALWAYS_SEARCH_USER_PATHS = NO;
				CLANG_ANALYZER_NONNULL = YES;
				CLANG_ANALYZER_NUMBER_OBJECT_CONVERSION = YES_AGGRESSIVE;
				CLANG_CXX_LANGUAGE_STANDARD = "gnu++17";
				CLANG_ENABLE_MODULES = YES;
				CLANG_ENABLE_OBJC_ARC = YES;
				CLANG_ENABLE_OBJC_WEAK = YES;
				CLANG_WARN_BLOCK_CAPTURE_AUTORELEASING = YES;
				CLANG_WARN_BOOL_CONVERSION = YES;
				CLANG_WARN_COMMA = YES;
				CLANG_WARN_CONSTANT_CONVERSION = YES;
				CLANG_WARN_DEPRECATED_OBJC_IMPLEMENTATIONS = YES;
				CLANG_WARN_DIRECT_OBJC_ISA_USAGE = YES_ERROR;
				CLANG_WARN_DOCUMENTATION_COMMENTS = YES;
				CLANG_WARN_EMPTY_BODY = YES;
				CLANG_WARN_ENUM_CONVERSION = YES;
				CLANG_WARN_INFINITE_RECURSION = YES;
				CLANG_WARN_INT_CONVERSION = YES;
				CLANG_WARN_NON_LITERAL_NULL_CONVERSION = YES;
				CLANG_WARN_OBJC_IMPLICIT_RETAIN_SELF = YES;
				CLANG_WARN_OBJC_LITERAL_CONVERSION = YES;
				CLANG_WARN_OBJC_ROOT_CLASS = YES_ERROR;
				CLANG_WARN_QUOTED_INCLUDE_IN_FRAMEWORK_HEADER = YES;
				CLANG_WARN_RANGE_LOOP_ANALYSIS = YES;
				CLANG_WARN_STRICT_PROTOTYPES = YES;
				CLANG_WARN_SUSPICIOUS_MOVE = YES;
				CLANG_WARN_UNGUARDED_AVAILABILITY = YES_AGGRESSIVE;
				CLANG_WARN_UNREACHABLE_CODE = YES;
				CLANG_WARN__DUPLICATE_METHOD_MATCH = YES;
				COPY_PHASE_STRIP = NO;
				DEBUG_INFORMATION_FORMAT = "dwarf-with-dsym";
				ENABLE_NS_ASSERTIONS = NO;
				ENABLE_STRICT_OBJC_MSGSEND = YES;
				GCC_C_LANGUAGE_STANDARD = gnu11;
				GCC_NO_COMMON_BLOCKS = YES;
				GCC_WARN_64_TO_32_BIT_CONVERSION = YES;
				GCC_WARN_ABOUT_RETURN_TYPE = YES_ERROR;
				GCC_WARN_UNDECLARED_SELECTOR = YES;
				GCC_WARN_UNINITIALIZED_AUTOS = YES_AGGRESSIVE;
				GCC_WARN_UNUSED_FUNCTION = YES;
				GCC_WARN_UNUSED_VARIABLE = YES;
				IPHONEOS_DEPLOYMENT_TARGET = 15.5;
				MTL_ENABLE_DEBUG_INFO = NO;
				MTL_FAST_MATH = YES;
				SDKROOT = iphoneos;
				SWIFT_COMPILATION_MODE = wholemodule;
				SWIFT_OPTIMIZATION_LEVEL = "-O";
				VALIDATE_PRODUCT = YES;
			};
			name = Release;
		};
		8EE32AB728F8B476003DCDDE /* Debug */ = {
			isa = XCBuildConfiguration;
			baseConfigurationReference = 81E6EB5375E34BE214B73811 /* Pods-Instagram.debug.xcconfig */;
			buildSettings = {
				ASSETCATALOG_COMPILER_APPICON_NAME = AppIcon;
				ASSETCATALOG_COMPILER_GLOBAL_ACCENT_COLOR_NAME = AccentColor;
				CODE_SIGN_STYLE = Automatic;
				CURRENT_PROJECT_VERSION = 1;
				GENERATE_INFOPLIST_FILE = YES;
				INFOPLIST_FILE = Instagram/Info.plist;
				INFOPLIST_KEY_UIApplicationSupportsIndirectInputEvents = YES;
				INFOPLIST_KEY_UILaunchStoryboardName = LaunchScreen;
				INFOPLIST_KEY_UIMainStoryboardFile = Main;
				INFOPLIST_KEY_UISupportedInterfaceOrientations_iPad = "UIInterfaceOrientationPortrait UIInterfaceOrientationPortraitUpsideDown UIInterfaceOrientationLandscapeLeft UIInterfaceOrientationLandscapeRight";
				INFOPLIST_KEY_UISupportedInterfaceOrientations_iPhone = "UIInterfaceOrientationPortrait UIInterfaceOrientationLandscapeLeft UIInterfaceOrientationLandscapeRight";
				LD_RUNPATH_SEARCH_PATHS = (
					"$(inherited)",
					"@executable_path/Frameworks",
				);
				MARKETING_VERSION = 1.0;
				PRODUCT_BUNDLE_IDENTIFIER = CyberHotpot.com.Instagram;
				PRODUCT_NAME = "$(TARGET_NAME)";
				SWIFT_EMIT_LOC_STRINGS = YES;
				SWIFT_VERSION = 5.0;
				TARGETED_DEVICE_FAMILY = "1,2";
			};
			name = Debug;
		};
		8EE32AB828F8B476003DCDDE /* Release */ = {
			isa = XCBuildConfiguration;
			baseConfigurationReference = 9BCA45F1BE75D13AFF2F80B9 /* Pods-Instagram.release.xcconfig */;
			buildSettings = {
				ASSETCATALOG_COMPILER_APPICON_NAME = AppIcon;
				ASSETCATALOG_COMPILER_GLOBAL_ACCENT_COLOR_NAME = AccentColor;
				CODE_SIGN_STYLE = Automatic;
				CURRENT_PROJECT_VERSION = 1;
				GENERATE_INFOPLIST_FILE = YES;
				INFOPLIST_FILE = Instagram/Info.plist;
				INFOPLIST_KEY_UIApplicationSupportsIndirectInputEvents = YES;
				INFOPLIST_KEY_UILaunchStoryboardName = LaunchScreen;
				INFOPLIST_KEY_UIMainStoryboardFile = Main;
				INFOPLIST_KEY_UISupportedInterfaceOrientations_iPad = "UIInterfaceOrientationPortrait UIInterfaceOrientationPortraitUpsideDown UIInterfaceOrientationLandscapeLeft UIInterfaceOrientationLandscapeRight";
				INFOPLIST_KEY_UISupportedInterfaceOrientations_iPhone = "UIInterfaceOrientationPortrait UIInterfaceOrientationLandscapeLeft UIInterfaceOrientationLandscapeRight";
				LD_RUNPATH_SEARCH_PATHS = (
					"$(inherited)",
					"@executable_path/Frameworks",
				);
				MARKETING_VERSION = 1.0;
				PRODUCT_BUNDLE_IDENTIFIER = CyberHotpot.com.Instagram;
				PRODUCT_NAME = "$(TARGET_NAME)";
				SWIFT_EMIT_LOC_STRINGS = YES;
				SWIFT_VERSION = 5.0;
				TARGETED_DEVICE_FAMILY = "1,2";
			};
			name = Release;
		};
		8EE32ABA28F8B476003DCDDE /* Debug */ = {
			isa = XCBuildConfiguration;
			baseConfigurationReference = 979D59DB3929D3E8A893892E /* Pods-InstagramTests.debug.xcconfig */;
			buildSettings = {
				ALWAYS_EMBED_SWIFT_STANDARD_LIBRARIES = YES;
				BUNDLE_LOADER = "$(TEST_HOST)";
				CODE_SIGN_STYLE = Automatic;
				CURRENT_PROJECT_VERSION = 1;
				GENERATE_INFOPLIST_FILE = YES;
				IPHONEOS_DEPLOYMENT_TARGET = 15.5;
				MARKETING_VERSION = 1.0;
				PRODUCT_BUNDLE_IDENTIFIER = CyberHotpot.com.InstagramTests;
				PRODUCT_NAME = "$(TARGET_NAME)";
				SWIFT_EMIT_LOC_STRINGS = NO;
				SWIFT_VERSION = 5.0;
				TARGETED_DEVICE_FAMILY = "1,2";
				TEST_HOST = "$(BUILT_PRODUCTS_DIR)/Instagram.app/Instagram";
			};
			name = Debug;
		};
		8EE32ABB28F8B476003DCDDE /* Release */ = {
			isa = XCBuildConfiguration;
			baseConfigurationReference = 79E3F5D93C3A89C9D76DDE77 /* Pods-InstagramTests.release.xcconfig */;
			buildSettings = {
				ALWAYS_EMBED_SWIFT_STANDARD_LIBRARIES = YES;
				BUNDLE_LOADER = "$(TEST_HOST)";
				CODE_SIGN_STYLE = Automatic;
				CURRENT_PROJECT_VERSION = 1;
				GENERATE_INFOPLIST_FILE = YES;
				IPHONEOS_DEPLOYMENT_TARGET = 15.5;
				MARKETING_VERSION = 1.0;
				PRODUCT_BUNDLE_IDENTIFIER = CyberHotpot.com.InstagramTests;
				PRODUCT_NAME = "$(TARGET_NAME)";
				SWIFT_EMIT_LOC_STRINGS = NO;
				SWIFT_VERSION = 5.0;
				TARGETED_DEVICE_FAMILY = "1,2";
				TEST_HOST = "$(BUILT_PRODUCTS_DIR)/Instagram.app/Instagram";
			};
			name = Release;
		};
		8EE32ABD28F8B476003DCDDE /* Debug */ = {
			isa = XCBuildConfiguration;
			baseConfigurationReference = DC494C5DFC08B56510B591A7 /* Pods-Instagram-InstagramUITests.debug.xcconfig */;
			buildSettings = {
				ALWAYS_EMBED_SWIFT_STANDARD_LIBRARIES = YES;
				CODE_SIGN_STYLE = Automatic;
				CURRENT_PROJECT_VERSION = 1;
				GENERATE_INFOPLIST_FILE = YES;
				MARKETING_VERSION = 1.0;
				PRODUCT_BUNDLE_IDENTIFIER = CyberHotpot.com.InstagramUITests;
				PRODUCT_NAME = "$(TARGET_NAME)";
				SWIFT_EMIT_LOC_STRINGS = NO;
				SWIFT_VERSION = 5.0;
				TARGETED_DEVICE_FAMILY = "1,2";
				TEST_TARGET_NAME = Instagram;
			};
			name = Debug;
		};
		8EE32ABE28F8B476003DCDDE /* Release */ = {
			isa = XCBuildConfiguration;
			baseConfigurationReference = 7A7A8419A836FD5781E0A63B /* Pods-Instagram-InstagramUITests.release.xcconfig */;
			buildSettings = {
				ALWAYS_EMBED_SWIFT_STANDARD_LIBRARIES = YES;
				CODE_SIGN_STYLE = Automatic;
				CURRENT_PROJECT_VERSION = 1;
				GENERATE_INFOPLIST_FILE = YES;
				MARKETING_VERSION = 1.0;
				PRODUCT_BUNDLE_IDENTIFIER = CyberHotpot.com.InstagramUITests;
				PRODUCT_NAME = "$(TARGET_NAME)";
				SWIFT_EMIT_LOC_STRINGS = NO;
				SWIFT_VERSION = 5.0;
				TARGETED_DEVICE_FAMILY = "1,2";
				TEST_TARGET_NAME = Instagram;
			};
			name = Release;
		};
/* End XCBuildConfiguration section */

/* Begin XCConfigurationList section */
		8EE32A8728F8B470003DCDDE /* Build configuration list for PBXProject "Instagram" */ = {
			isa = XCConfigurationList;
			buildConfigurations = (
				8EE32AB428F8B476003DCDDE /* Debug */,
				8EE32AB528F8B476003DCDDE /* Release */,
			);
			defaultConfigurationIsVisible = 0;
			defaultConfigurationName = Release;
		};
		8EE32AB628F8B476003DCDDE /* Build configuration list for PBXNativeTarget "Instagram" */ = {
			isa = XCConfigurationList;
			buildConfigurations = (
				8EE32AB728F8B476003DCDDE /* Debug */,
				8EE32AB828F8B476003DCDDE /* Release */,
			);
			defaultConfigurationIsVisible = 0;
			defaultConfigurationName = Release;
		};
		8EE32AB928F8B476003DCDDE /* Build configuration list for PBXNativeTarget "InstagramTests" */ = {
			isa = XCConfigurationList;
			buildConfigurations = (
				8EE32ABA28F8B476003DCDDE /* Debug */,
				8EE32ABB28F8B476003DCDDE /* Release */,
			);
			defaultConfigurationIsVisible = 0;
			defaultConfigurationName = Release;
		};
		8EE32ABC28F8B476003DCDDE /* Build configuration list for PBXNativeTarget "InstagramUITests" */ = {
			isa = XCConfigurationList;
			buildConfigurations = (
				8EE32ABD28F8B476003DCDDE /* Debug */,
				8EE32ABE28F8B476003DCDDE /* Release */,
			);
			defaultConfigurationIsVisible = 0;
			defaultConfigurationName = Release;
		};
/* End XCConfigurationList section */
	};
	rootObject = 8EE32A8428F8B470003DCDDE /* Project object */;
}
